
Microsoft Visual Studio Solution File, Format Version 12.00
# Visual Studio Version 17
VisualStudioVersion = 17.4.33213.308
MinimumVisualStudioVersion = 10.0.40219.1
Project("{FAE04EC0-301F-11D3-BF4B-00C04F79EFBC}") = "WebApplicationAdvancedADO", "WebApplicationAdvancedADO\WebApplicationAdvancedADO.csproj", "{BFFCA756-DD4E-4209-9215-F77E3EA0C5EE}"
EndProject
Global
	GlobalSection(SolutionConfigurationPlatforms) = preSolution
		Debug|Any CPU = Debug|Any CPU
		Release|Any CPU = Release|Any CPU
	EndGlobalSection
	GlobalSection(ProjectConfigurationPlatforms) = postSolution
		{BFFCA756-DD4E-4209-9215-F77E3EA0C5EE}.Debug|Any CPU.ActiveCfg = Debug|Any CPU
		{BFFCA756-DD4E-4209-9215-F77E3EA0C5EE}.Debug|Any CPU.Build.0 = Debug|Any CPU
		{BFFCA756-DD4E-4209-9215-F77E3EA0C5EE}.Release|Any CPU.ActiveCfg = Release|Any CPU
		{BFFCA756-DD4E-4209-9215-F77E3EA0C5EE}.Release|Any CPU.Build.0 = Release|Any CPU
	EndGlobalSection
	GlobalSection(SolutionProperties) = preSolution
		HideSolutionNode = FALSE
	EndGlobalSection
	GlobalSection(ExtensibilityGlobals) = postSolution
		SolutionGuid = {977968F7-2BC5-456B-819C-D23353F57945}
	EndGlobalSection
EndGlobal
